
Microsoft Visual Studio Solution File, Format Version 12.00
# Visual Studio Version 16
VisualStudioVersion = 16.0.30114.105
MinimumVisualStudioVersion = 10.0.40219.1
Project("{2150E333-8FDC-42A3-9474-1A3956D46DE8}") = "Ex1", "Ex1", "{34B4FAC6-8FA1-422D-A284-F8076B7AF293}"
EndProject
Project("{9A19103F-16F7-4668-BE54-9A1E7A4F7556}") = "Reverse", "Reverse\Reverse.csproj", "{D6538791-F3DE-48C8-A7C8-8E7F21F62F78}"
EndProject
Project("{2150E333-8FDC-42A3-9474-1A3956D46DE8}") = "Ex2", "Ex2", "{246C94E2-D78F-4727-9296-1470F0774A9D}"
EndProject
Project("{9A19103F-16F7-4668-BE54-9A1E7A4F7556}") = "Socks", "Socks\Socks.csproj", "{7E0E365A-B703-4214-A0D7-DE8FD36A8CBB}"
EndProject
Project("{2150E333-8FDC-42A3-9474-1A3956D46DE8}") = "Ex3 (Optionally)", "Ex3 (Optionally)", "{A036BA6A-EACC-4D6F-AFFE-75CF3E80AE00}"
EndProject
Project("{9A19103F-16F7-4668-BE54-9A1E7A4F7556}") = "JanasEnglishLessons", "JanasEnglishLessons\JanasEnglishLessons.csproj", "{40F9A3FE-EBF4-459B-8B96-B0400BF04420}"
EndProject
Global
	GlobalSection(SolutionConfigurationPlatforms) = preSolution
		Debug|Any CPU = Debug|Any CPU
		Debug|x64 = Debug|x64
		Debug|x86 = Debug|x86
		Release|Any CPU = Release|Any CPU
		Release|x64 = Release|x64
		Release|x86 = Release|x86
	EndGlobalSection
	GlobalSection(ProjectConfigurationPlatforms) = postSolution
		{D6538791-F3DE-48C8-A7C8-8E7F21F62F78}.Debug|Any CPU.ActiveCfg = Debug|Any CPU
		{D6538791-F3DE-48C8-A7C8-8E7F21F62F78}.Debug|Any CPU.Build.0 = Debug|Any CPU
		{D6538791-F3DE-48C8-A7C8-8E7F21F62F78}.Debug|x64.ActiveCfg = Debug|Any CPU
		{D6538791-F3DE-48C8-A7C8-8E7F21F62F78}.Debug|x64.Build.0 = Debug|Any CPU
		{D6538791-F3DE-48C8-A7C8-8E7F21F62F78}.Debug|x86.ActiveCfg = Debug|Any CPU
		{D6538791-F3DE-48C8-A7C8-8E7F21F62F78}.Debug|x86.Build.0 = Debug|Any CPU
		{D6538791-F3DE-48C8-A7C8-8E7F21F62F78}.Release|Any CPU.ActiveCfg = Release|Any CPU
		{D6538791-F3DE-48C8-A7C8-8E7F21F62F78}.Release|Any CPU.Build.0 = Release|Any CPU
		{D6538791-F3DE-48C8-A7C8-8E7F21F62F78}.Release|x64.ActiveCfg = Release|Any CPU
		{D6538791-F3DE-48C8-A7C8-8E7F21F62F78}.Release|x64.Build.0 = Release|Any CPU
		{D6538791-F3DE-48C8-A7C8-8E7F21F62F78}.Release|x86.ActiveCfg = Release|Any CPU
		{D6538791-F3DE-48C8-A7C8-8E7F21F62F78}.Release|x86.Build.0 = Release|Any CPU
		{7E0E365A-B703-4214-A0D7-DE8FD36A8CBB}.Debug|Any CPU.ActiveCfg = Debug|Any CPU
		{7E0E365A-B703-4214-A0D7-DE8FD36A8CBB}.Debug|Any CPU.Build.0 = Debug|Any CPU
		{7E0E365A-B703-4214-A0D7-DE8FD36A8CBB}.Debug|x64.ActiveCfg = Debug|Any CPU
		{7E0E365A-B703-4214-A0D7-DE8FD36A8CBB}.Debug|x64.Build.0 = Debug|Any CPU
		{7E0E365A-B703-4214-A0D7-DE8FD36A8CBB}.Debug|x86.ActiveCfg = Debug|Any CPU
		{7E0E365A-B703-4214-A0D7-DE8FD36A8CBB}.Debug|x86.Build.0 = Debug|Any CPU
		{7E0E365A-B703-4214-A0D7-DE8FD36A8CBB}.Release|Any CPU.ActiveCfg = Release|Any CPU
		{7E0E365A-B703-4214-A0D7-DE8FD36A8CBB}.Release|Any CPU.Build.0 = Release|Any CPU
		{7E0E365A-B703-4214-A0D7-DE8FD36A8CBB}.Release|x64.ActiveCfg = Release|Any CPU
		{7E0E365A-B703-4214-A0D7-DE8FD36A8CBB}.Release|x64.Build.0 = Release|Any CPU
		{7E0E365A-B703-4214-A0D7-DE8FD36A8CBB}.Release|x86.ActiveCfg = Release|Any CPU
		{7E0E365A-B703-4214-A0D7-DE8FD36A8CBB}.Release|x86.Build.0 = Release|Any CPU
		{40F9A3FE-EBF4-459B-8B96-B0400BF04420}.Debug|Any CPU.ActiveCfg = Debug|Any CPU
		{40F9A3FE-EBF4-459B-8B96-B0400BF04420}.Debug|Any CPU.Build.0 = Debug|Any CPU
		{40F9A3FE-EBF4-459B-8B96-B0400BF04420}.Debug|x64.ActiveCfg = Debug|Any CPU
		{40F9A3FE-EBF4-459B-8B96-B0400BF04420}.Debug|x64.Build.0 = Debug|Any CPU
		{40F9A3FE-EBF4-459B-8B96-B0400BF04420}.Debug|x86.ActiveCfg = Debug|Any CPU
		{40F9A3FE-EBF4-459B-8B96-B0400BF04420}.Debug|x86.Build.0 = Debug|Any CPU
		{40F9A3FE-EBF4-459B-8B96-B0400BF04420}.Release|Any CPU.ActiveCfg = Release|Any CPU
		{40F9A3FE-EBF4-459B-8B96-B0400BF04420}.Release|Any CPU.Build.0 = Release|Any CPU
		{40F9A3FE-EBF4-459B-8B96-B0400BF04420}.Release|x64.ActiveCfg = Release|Any CPU
		{40F9A3FE-EBF4-459B-8B96-B0400BF04420}.Release|x64.Build.0 = Release|Any CPU
		{40F9A3FE-EBF4-459B-8B96-B0400BF04420}.Release|x86.ActiveCfg = Release|Any CPU
		{40F9A3FE-EBF4-459B-8B96-B0400BF04420}.Release|x86.Build.0 = Release|Any CPU
	EndGlobalSection
	GlobalSection(SolutionProperties) = preSolution
		HideSolutionNode = FALSE
	EndGlobalSection
	GlobalSection(NestedProjects) = preSolution
		{D6538791-F3DE-48C8-A7C8-8E7F21F62F78} = {34B4FAC6-8FA1-422D-A284-F8076B7AF293}
		{7E0E365A-B703-4214-A0D7-DE8FD36A8CBB} = {246C94E2-D78F-4727-9296-1470F0774A9D}
		{40F9A3FE-EBF4-459B-8B96-B0400BF04420} = {A036BA6A-EACC-4D6F-AFFE-75CF3E80AE00}
	EndGlobalSection
	GlobalSection(ExtensibilityGlobals) = postSolution
		SolutionGuid = {EBFDD5F3-31C0-4F02-A667-7A7902D0E29A}
	EndGlobalSection
EndGlobal
